
Microsoft Visual Studio Solution File, Format Version 12.00
# Visual Studio Version 17
VisualStudioVersion = 17.14.36518.9
MinimumVisualStudioVersion = 10.0.40219.1
Project("{FAE04EC0-301F-11D3-BF4B-00C04F79EFBC}") = "CommonCode", "CommonCode\CommonCode.csproj", "{E03D978A-06DB-4A36-82FB-8184408E33DD}"
EndProject
Project("{FAE04EC0-301F-11D3-BF4B-00C04F79EFBC}") = "CommonCode.ICSharpTextEditor", "CommonCode.ICSharpTextEditor\CommonCode.ICSharpTextEditor.csproj", "{4589C723-B947-4F35-9E45-E4DEE0FBAC16}"
EndProject
Project("{FAE04EC0-301F-11D3-BF4B-00C04F79EFBC}") = "CommonCode.Files", "CommonCode.Files\CommonCode.Files.csproj", "{BD979760-04C5-4080-82BB-11137DFFEB20}"
EndProject
Project("{FAE04EC0-301F-11D3-BF4B-00C04F79EFBC}") = "Tester", "Tester\Tester.csproj", "{9821CD4B-68E1-4F8F-BD60-212C456D41B0}"
EndProject
Project("{FAE04EC0-301F-11D3-BF4B-00C04F79EFBC}") = "CommonCode.DataAccess", "CommonCode.DataAccess\CommonCode.DataAccess.csproj", "{8D2AE29E-7878-498B-B145-62BA186521B7}"
EndProject
Project("{FAE04EC0-301F-11D3-BF4B-00C04F79EFBC}") = "CommonCode.DataAccess.Sqlite", "CommonCode.DataAccess.Sqlite\CommonCode.DataAccess.Sqlite.csproj", "{291AC8A0-4F4C-4BD4-85FD-0A46E420525B}"
EndProject
Project("{FAE04EC0-301F-11D3-BF4B-00C04F79EFBC}") = "CommonCode.Web", "CommonCode.Web\CommonCode.Web.csproj", "{C341EA45-88E1-4FB5-ADD2-591E309DCBAC}"
EndProject
Project("{FAE04EC0-301F-11D3-BF4B-00C04F79EFBC}") = "CommonCode.Win", "CommonCode.Win\CommonCode.Win.csproj", "{BD7ACB09-38B3-4B2D-9C76-5B879BBF9ED4}"
EndProject
Project("{FAE04EC0-301F-11D3-BF4B-00C04F79EFBC}") = "CommonCode.AvalonEdit", "CommonCode.AvalonEdit\CommonCode.AvalonEdit.csproj", "{29D471E9-AD18-426A-87B9-2BD3A84BF5C3}"
EndProject
Project("{FAE04EC0-301F-11D3-BF4B-00C04F79EFBC}") = "TesterWin", "TesterWin\TesterWin.csproj", "{42CCFB34-4777-4B73-8FA2-C5F6CCC99AF0}"
EndProject
Project("{FAE04EC0-301F-11D3-BF4B-00C04F79EFBC}") = "CommonCode.Log4Net", "CommonCode.Log4Net\CommonCode.Log4Net.csproj", "{30914A89-CB7D-4800-A722-517BBA51EFA9}"
EndProject
Project("{FAE04EC0-301F-11D3-BF4B-00C04F79EFBC}") = "CommonCode.DataAccess.ActiveDirectory", "CommonCode.DataAccess.ActiveDirectory\CommonCode.DataAccess.ActiveDirectory.csproj", "{41018FD2-7B8E-455B-9190-68A122C28E27}"
EndProject
Global
	GlobalSection(SolutionConfigurationPlatforms) = preSolution
		Debug|Any CPU = Debug|Any CPU
		Release|Any CPU = Release|Any CPU
	EndGlobalSection
	GlobalSection(ProjectConfigurationPlatforms) = postSolution
		{E03D978A-06DB-4A36-82FB-8184408E33DD}.Debug|Any CPU.ActiveCfg = Debug|Any CPU
		{E03D978A-06DB-4A36-82FB-8184408E33DD}.Debug|Any CPU.Build.0 = Debug|Any CPU
		{E03D978A-06DB-4A36-82FB-8184408E33DD}.Release|Any CPU.ActiveCfg = Release|Any CPU
		{E03D978A-06DB-4A36-82FB-8184408E33DD}.Release|Any CPU.Build.0 = Release|Any CPU
		{4589C723-B947-4F35-9E45-E4DEE0FBAC16}.Debug|Any CPU.ActiveCfg = Debug|Any CPU
		{4589C723-B947-4F35-9E45-E4DEE0FBAC16}.Debug|Any CPU.Build.0 = Debug|Any CPU
		{4589C723-B947-4F35-9E45-E4DEE0FBAC16}.Release|Any CPU.ActiveCfg = Release|Any CPU
		{4589C723-B947-4F35-9E45-E4DEE0FBAC16}.Release|Any CPU.Build.0 = Release|Any CPU
		{BD979760-04C5-4080-82BB-11137DFFEB20}.Debug|Any CPU.ActiveCfg = Debug|Any CPU
		{BD979760-04C5-4080-82BB-11137DFFEB20}.Debug|Any CPU.Build.0 = Debug|Any CPU
		{BD979760-04C5-4080-82BB-11137DFFEB20}.Release|Any CPU.ActiveCfg = Release|Any CPU
		{BD979760-04C5-4080-82BB-11137DFFEB20}.Release|Any CPU.Build.0 = Release|Any CPU
		{9821CD4B-68E1-4F8F-BD60-212C456D41B0}.Debug|Any CPU.ActiveCfg = Debug|Any CPU
		{9821CD4B-68E1-4F8F-BD60-212C456D41B0}.Debug|Any CPU.Build.0 = Debug|Any CPU
		{9821CD4B-68E1-4F8F-BD60-212C456D41B0}.Release|Any CPU.ActiveCfg = Release|Any CPU
		{9821CD4B-68E1-4F8F-BD60-212C456D41B0}.Release|Any CPU.Build.0 = Release|Any CPU
		{8D2AE29E-7878-498B-B145-62BA186521B7}.Debug|Any CPU.ActiveCfg = Debug|Any CPU
		{8D2AE29E-7878-498B-B145-62BA186521B7}.Debug|Any CPU.Build.0 = Debug|Any CPU
		{8D2AE29E-7878-498B-B145-62BA186521B7}.Release|Any CPU.ActiveCfg = Release|Any CPU
		{8D2AE29E-7878-498B-B145-62BA186521B7}.Release|Any CPU.Build.0 = Release|Any CPU
		{291AC8A0-4F4C-4BD4-85FD-0A46E420525B}.Debug|Any CPU.ActiveCfg = Debug|Any CPU
		{291AC8A0-4F4C-4BD4-85FD-0A46E420525B}.Debug|Any CPU.Build.0 = Debug|Any CPU
		{291AC8A0-4F4C-4BD4-85FD-0A46E420525B}.Release|Any CPU.ActiveCfg = Release|Any CPU
		{291AC8A0-4F4C-4BD4-85FD-0A46E420525B}.Release|Any CPU.Build.0 = Release|Any CPU
		{C341EA45-88E1-4FB5-ADD2-591E309DCBAC}.Debug|Any CPU.ActiveCfg = Debug|Any CPU
		{C341EA45-88E1-4FB5-ADD2-591E309DCBAC}.Debug|Any CPU.Build.0 = Debug|Any CPU
		{C341EA45-88E1-4FB5-ADD2-591E309DCBAC}.Release|Any CPU.ActiveCfg = Release|Any CPU
		{C341EA45-88E1-4FB5-ADD2-591E309DCBAC}.Release|Any CPU.Build.0 = Release|Any CPU
		{BD7ACB09-38B3-4B2D-9C76-5B879BBF9ED4}.Debug|Any CPU.ActiveCfg = Debug|Any CPU
		{BD7ACB09-38B3-4B2D-9C76-5B879BBF9ED4}.Debug|Any CPU.Build.0 = Debug|Any CPU
		{BD7ACB09-38B3-4B2D-9C76-5B879BBF9ED4}.Release|Any CPU.ActiveCfg = Release|Any CPU
		{BD7ACB09-38B3-4B2D-9C76-5B879BBF9ED4}.Release|Any CPU.Build.0 = Release|Any CPU
		{29D471E9-AD18-426A-87B9-2BD3A84BF5C3}.Debug|Any CPU.ActiveCfg = Debug|Any CPU
		{29D471E9-AD18-426A-87B9-2BD3A84BF5C3}.Debug|Any CPU.Build.0 = Debug|Any CPU
		{29D471E9-AD18-426A-87B9-2BD3A84BF5C3}.Release|Any CPU.ActiveCfg = Release|Any CPU
		{29D471E9-AD18-426A-87B9-2BD3A84BF5C3}.Release|Any CPU.Build.0 = Release|Any CPU
		{42CCFB34-4777-4B73-8FA2-C5F6CCC99AF0}.Debug|Any CPU.ActiveCfg = Debug|Any CPU
		{42CCFB34-4777-4B73-8FA2-C5F6CCC99AF0}.Debug|Any CPU.Build.0 = Debug|Any CPU
		{42CCFB34-4777-4B73-8FA2-C5F6CCC99AF0}.Release|Any CPU.ActiveCfg = Release|Any CPU
		{42CCFB34-4777-4B73-8FA2-C5F6CCC99AF0}.Release|Any CPU.Build.0 = Release|Any CPU
		{30914A89-CB7D-4800-A722-517BBA51EFA9}.Debug|Any CPU.ActiveCfg = Debug|Any CPU
		{30914A89-CB7D-4800-A722-517BBA51EFA9}.Debug|Any CPU.Build.0 = Debug|Any CPU
		{30914A89-CB7D-4800-A722-517BBA51EFA9}.Release|Any CPU.ActiveCfg = Release|Any CPU
		{30914A89-CB7D-4800-A722-517BBA51EFA9}.Release|Any CPU.Build.0 = Release|Any CPU
		{41018FD2-7B8E-455B-9190-68A122C28E27}.Debug|Any CPU.ActiveCfg = Debug|Any CPU
		{41018FD2-7B8E-455B-9190-68A122C28E27}.Debug|Any CPU.Build.0 = Debug|Any CPU
		{41018FD2-7B8E-455B-9190-68A122C28E27}.Release|Any CPU.ActiveCfg = Release|Any CPU
		{41018FD2-7B8E-455B-9190-68A122C28E27}.Release|Any CPU.Build.0 = Release|Any CPU
	EndGlobalSection
	GlobalSection(SolutionProperties) = preSolution
		HideSolutionNode = FALSE
	EndGlobalSection
	GlobalSection(ExtensibilityGlobals) = postSolution
		SolutionGuid = {4CE46140-5FB1-402D-94CE-1A0E4C0CCEFB}
	EndGlobalSection
EndGlobal
